{
          "name": "b-tree.async",
          "version": "9.9.9",
          "lockfileVersion": 1,
          "requires": true,
          "dependencies": {
                    "ascension": {
                              "version": "1.0.1",
                              "resolved": "https://registry.npmjs.org/ascension/-/ascension-1.0.1.tgz",
                              "integrity": "sha512-+kmw1Ss931KgMAGtOlVtL97Z9v+fwEsEnPJvBwzW0dqWmmU8Zb/+24EgjgP/4B2HKM6FRdPJo/m0D3DZkg8Fbw=="
                    },
                    "balanced-match": {
                              "version": "1.0.0",
                              "resolved": "https://registry.npmjs.org/balanced-match/-/balanced-match-1.0.0.tgz",
                              "integrity": "sha1-ibTRmasr7kneFk6gK4nORi1xt2c="
                    },
                    "brace-expansion": {
                              "version": "1.1.11",
                              "resolved": "https://registry.npmjs.org/brace-expansion/-/brace-expansion-1.1.11.tgz",
                              "integrity": "sha512-iCuPHDFgrHX7H2vEI/5xpz07zSHB00TpugqhmYtVmMO6518mCuRMoOYFldEBl0g187ufozdaHgWKcYFb61qGiA==",
                              "requires": {
                                        "balanced-match": "^1.0.0",
                                        "concat-map": "0.0.1"
                              }
                    },
                    "concat-map": {
                              "version": "0.0.1",
                              "resolved": "https://registry.npmjs.org/concat-map/-/concat-map-0.0.1.tgz",
                              "integrity": "sha1-2Klr13/Wjfd5OnMDajug1UBdR3s="
                    },
                    "eventemitter3": {
                              "version": "3.1.2",
                              "resolved": "https://registry.npmjs.org/eventemitter3/-/eventemitter3-3.1.2.tgz",
                              "integrity": "sha512-tvtQIeLVHjDkJYnzf2dgVMxfuSGJeM/7UCG17TT4EumTfNtF+0nebF/4zWOIkCreAbtNqhGEboB6BWrwqNaw4Q=="
                    },
                    "extant": {
                              "version": "1.0.11",
                              "resolved": "https://registry.npmjs.org/extant/-/extant-1.0.11.tgz",
                              "integrity": "sha512-eqYCEYHjB7V4YUnPujlT1XBEJGhWfqatD3Yu/9QK5pA4cCuJiAtPB1ofoHUCdaI7TxcheGY5QL5TBQ+vEysAZA=="
                    },
                    "fs.realpath": {
                              "version": "1.0.0",
                              "resolved": "https://registry.npmjs.org/fs.realpath/-/fs.realpath-1.0.0.tgz",
                              "integrity": "sha1-FQStJSMVjKpA20onh8sBQRmU6k8="
                    },
                    "glob": {
                              "version": "7.1.3",
                              "resolved": "https://registry.npmjs.org/glob/-/glob-7.1.3.tgz",
                              "integrity": "sha512-vcfuiIxogLV4DlGBHIUOwI0IbrJ8HWPc4MU7HzviGeNho/UJDfi6B5p3sHeWIQ0KGIU0Jpxi5ZHxemQfLkkAwQ==",
                              "requires": {
                                        "fs.realpath": "^1.0.0",
                                        "inflight": "^1.0.4",
                                        "inherits": "2",
                                        "minimatch": "^3.0.4",
                                        "once": "^1.3.0",
                                        "path-is-absolute": "^1.0.0"
                              }
                    },
                    "inflight": {
                              "version": "1.0.6",
                              "resolved": "https://registry.npmjs.org/inflight/-/inflight-1.0.6.tgz",
                              "integrity": "sha1-Sb1jMdfQLQwJvJEKEHW6gWW1bfk=",
                              "requires": {
                                        "once": "^1.3.0",
                                        "wrappy": "1"
                              }
                    },
                    "inherits": {
                              "version": "2.0.3",
                              "resolved": "https://registry.npmjs.org/inherits/-/inherits-2.0.3.tgz",
                              "integrity": "sha1-Yzwsg+PaQqUC9SRmAiSA9CCCYd4="
                    },
                    "interrupt": {
                              "version": "7.0.5",
                              "resolved": "https://registry.npmjs.org/interrupt/-/interrupt-7.0.5.tgz",
                              "integrity": "sha512-ghADtYAhiJvgm+jNEWruX/ymnlxPoY4bAd45NDkCr4IHv/NtBVvctDV4N2IyvBzTbF/BFxZs/bAhBkUHsrTwHA==",
                              "requires": {
                                        "extant": "1.0.x",
                                        "stacktrace-parser": "0.1.5"
                              }
                    },
                    "minimatch": {
                              "version": "3.0.4",
                              "resolved": "https://registry.npmjs.org/minimatch/-/minimatch-3.0.4.tgz",
                              "integrity": "sha512-yJHVQEhyqPLUTgt9B83PXu6W3rx4MvvHvSUvToogpwoGDOUQ+yDrR0HRot+yOCdCO7u4hX3pWft6kWBBcqh0UA==",
                              "requires": {
                                        "brace-expansion": "^1.1.7"
                              }
                    },
                    "once": {
                              "version": "1.4.0",
                              "resolved": "https://registry.npmjs.org/once/-/once-1.4.0.tgz",
                              "integrity": "sha1-WDsap3WWHUsROsF9nFC6753Xa9E=",
                              "requires": {
                                        "wrappy": "1"
                              }
                    },
                    "p-queue": {
                              "version": "5.0.0",
                              "resolved": "https://registry.npmjs.org/p-queue/-/p-queue-5.0.0.tgz",
                              "integrity": "sha512-6QfeouDf236N+MAxHch0CVIy8o/KBnmhttKjxZoOkUlzqU+u9rZgEyXH3OdckhTgawbqf5rpzmyR+07+Lv0+zg==",
                              "requires": {
                                        "eventemitter3": "^3.1.0"
                              }
                    },
                    "path-is-absolute": {
                              "version": "1.0.1",
                              "resolved": "https://registry.npmjs.org/path-is-absolute/-/path-is-absolute-1.0.1.tgz",
                              "integrity": "sha1-F0uSaHNVNP+8es5r9TpanhtcX18="
                    },
                    "rimraf": {
                              "version": "2.6.3",
                              "resolved": "https://registry.npmjs.org/rimraf/-/rimraf-2.6.3.tgz",
                              "integrity": "sha512-mwqeW5XsA2qAejG46gYdENaxXjx9onRNCfn7L0duuP4hCuTIi/QO7PDK07KJfp1d+izWPrzEJDcSqBa0OZQriA==",
                              "requires": {
                                        "glob": "^7.1.3"
                              }
                    },
                    "stacktrace-parser": {
                              "version": "0.1.5",
                              "resolved": "https://registry.npmjs.org/stacktrace-parser/-/stacktrace-parser-0.1.5.tgz",
                              "integrity": "sha512-fjJ563lEMEXdqUH8fZR84sczWxM+Pi3bViix1n7371mFr8sL7UPewec79+IhHkN4UMmGbXoXj58WIaF7lIciRA==",
                              "requires": {
                                        "type-fest": "^0.3.0"
                              }
                    },
                    "type-fest": {
                              "version": "0.3.1",
                              "resolved": "https://registry.npmjs.org/type-fest/-/type-fest-0.3.1.tgz",
                              "integrity": "sha512-cUGJnCdr4STbePCgqNFbpVNCepa+kAVohJs1sLhxzdH+gnEoOd8VhbYa7pD3zZYGiURWM2xzEII3fQcRizDkYQ=="
                    },
                    "wrappy": {
                              "version": "1.0.2",
                              "resolved": "https://registry.npmjs.org/wrappy/-/wrappy-1.0.2.tgz",
                              "integrity": "sha1-tSQ9jz7BqjXxNkYFvA0QNuMKtp8="
                    }
          }
}
